{
  "name": "soil-on-site",
  "lockfileVersion": 3,
  "requires": true,
  "packages": {
    "": {
      "name": "soil-on-site",
      "dependencies": {
        "altcha-lib": "^2.0.3"
      }
    },
    "node_modules/altcha-lib": {
      "version": "2.0.3",
      "resolved": "https://registry.npmjs.org/altcha-lib/-/altcha-lib-2.0.3.tgz",
      "integrity": "sha512-rbBOrVcg5DiBPfn5dfhT+7J5k/Dqtj4seR5m1BB+w0QK4pZOBSS0ZpZ5PkolypmR315/SVbpXHM/QuL0kH5Seg==",
      "license": "MIT",
      "bin": {
        "altcha-lib": "bin/cli.mjs"
      },
      "peerDependencies": {
        "@fastify/cookie": "^11.0.0",
        "@fastify/cors": "^11.0.0",
        "@fastify/formbody": "^8.0.0",
        "@nestjs/common": "^10.0.0 || ^11.0.0",
        "@nestjs/core": "^10.0.0 || ^11.0.0",
        "@nestjs/platform-express": "^10.0.0 || ^11.0.0",
        "@sveltejs/kit": "^2.0.0",
        "cookie-parser": "^1.0.0",
        "cors": "^2.0.0",
        "express": "^4.0.0 || ^5.0.0",
        "fastify": "^5.0.0",
        "h3": "^2.0.0",
        "hono": "^4.0.0"
      },
      "peerDependenciesMeta": {
        "@fastify/cookie": {
          "optional": true
        },
        "@fastify/cors": {
          "optional": true
        },
        "@fastify/formbody": {
          "optional": true
        },
        "@nestjs/common": {
          "optional": true
        },
        "@nestjs/core": {
          "optional": true
        },
        "@nestjs/platform-express": {
          "optional": true
        },
        "@sveltejs/kit": {
          "optional": true
        },
        "cookie-parser": {
          "optional": true
        },
        "cors": {
          "optional": true
        },
        "express": {
          "optional": true
        },
        "fastify": {
          "optional": true
        },
        "h3": {
          "optional": true
        },
        "hono": {
          "optional": true
        }
      }
    }
  }
}
